<?xml version="1.0" encoding="utf-8"?>
<Project ToolsVersion="4.0" xmlns="http://schemas.microsoft.com/developer/msbuild/2003">
  <ItemGroup>
    <Filter Include="Source Files">
      <UniqueIdentifier>{4FC737F1-C7A5-4376-A066-2A32D752A2FF}</UniqueIdentifier>
      <Extensions>cpp;c;cc;cxx;def;odl;idl;hpj;bat;asm;asmx</Extensions>
    </Filter>
    <Filter Include="Header Files">
      <UniqueIdentifier>{93995380-89BD-4b04-88EB-625FBE52EBFB}</UniqueIdentifier>
      <Extensions>h;hh;hpp;hxx;hm;inl;inc;xsd</Extensions>
    </Filter>
    <Filter Include="Resource Files">
      <UniqueIdentifier>{67DA6AB6-F800-4c08-8B7A-83BB121AAD01}</UniqueIdentifier>
      <Extensions>rc;ico;cur;bmp;dlg;rc2;rct;bin;rgs;gif;jpg;jpeg;jpe;resx;tiff;tif;png;wav</Extensions>
    </Filter>
  </ItemGroup>
  <ItemGroup>
    <ClCompile Include="src\camera.cpp">
      <Filter>Source Files</Filter>
    </ClCompile>
    <ClCompile Include="src\DDSTextureLoader.cpp">
      <Filter>Source Files</Filter>
    </ClCompile>
    <ClCompile Include="src\diDeviceBase.cpp">
      <Filter>Source Files</Filter>
    </ClCompile>
    <ClCompile Include="src\diInstance.cpp">
      <Filter>Source Files</Filter>
    </ClCompile>
    <ClCompile Include="src\dxApplication.cpp">
      <Filter>Source Files</Filter>
    </ClCompile>
    <ClCompile Include="src\dxDevice.cpp">
      <Filter>Source Files</Filter>
    </ClCompile>
    <ClCompile Include="src\dxStructures.cpp">
      <Filter>Source Files</Filter>
    </ClCompile>
    <ClCompile Include="src\exceptions.cpp">
      <Filter>Source Files</Filter>
    </ClCompile>
    <ClCompile Include="src\keyboard.cpp">
      <Filter>Source Files</Filter>
    </ClCompile>
    <ClCompile Include="src\main.cpp">
      <Filter>Source Files</Filter>
    </ClCompile>
    <ClCompile Include="src\mesh.cpp">
      <Filter>Source Files</Filter>
    </ClCompile>
    <ClCompile Include="src\mouse.cpp">
      <Filter>Source Files</Filter>
    </ClCompile>
    <ClCompile Include="src\particleSystem.cpp">
      <Filter>Source Files</Filter>
    </ClCompile>
    <ClCompile Include="src\textureGenerator.cpp">
      <Filter>Source Files</Filter>
    </ClCompile>
    <ClCompile Include="src\vertexTypes.cpp">
      <Filter>Source Files</Filter>
    </ClCompile>
    <ClCompile Include="src\WICTextureLoader.cpp">
      <Filter>Source Files</Filter>
    </ClCompile>
    <ClCompile Include="src\window.cpp">
      <Filter>Source Files</Filter>
    </ClCompile>
    <ClCompile Include="src\windowApplication.cpp">
      <Filter>Source Files</Filter>
    </ClCompile>
    <ClCompile Include="src\environmentMapper.cpp">
      <Filter>Source Files</Filter>
    </ClCompile>
    <ClCompile Include="src\rooms\roomDemoShadow.cpp">
      <Filter>Source Files</Filter>
    </ClCompile>
    <ClCompile Include="src\rooms\roomDemoTex.cpp">
      <Filter>Source Files</Filter>
    </ClCompile>
    <ClCompile Include="src\rooms\roomDuck.cpp">
      <Filter>Source Files</Filter>
    </ClCompile>
  </ItemGroup>
  <ItemGroup>
    <ClInclude Include="include\camera.h">
      <Filter>Header Files</Filter>
    </ClInclude>
    <ClInclude Include="include\clock.h">
      <Filter>Header Files</Filter>
    </ClInclude>
    <ClInclude Include="include\compressed_pair.h">
      <Filter>Header Files</Filter>
    </ClInclude>
    <ClInclude Include="include\DDSTextureLoader.h">
      <Filter>Header Files</Filter>
    </ClInclude>
    <ClInclude Include="include\diDeviceBase.h">
      <Filter>Header Files</Filter>
    </ClInclude>
    <ClInclude Include="include\diInstance.h">
      <Filter>Header Files</Filter>
    </ClInclude>
    <ClInclude Include="include\diptr.h">
      <Filter>Header Files</Filter>
    </ClInclude>
    <ClInclude Include="include\dxApplication.h">
      <Filter>Header Files</Filter>
    </ClInclude>
    <ClInclude Include="include\dxDevice.h">
      <Filter>Header Files</Filter>
    </ClInclude>
    <ClInclude Include="include\dxptr.h">
      <Filter>Header Files</Filter>
    </ClInclude>
    <ClInclude Include="include\dxStructures.h">
      <Filter>Header Files</Filter>
    </ClInclude>
    <ClInclude Include="include\exceptions.h">
      <Filter>Header Files</Filter>
    </ClInclude>
    <ClInclude Include="include\keyboard.h">
      <Filter>Header Files</Filter>
    </ClInclude>
    <ClInclude Include="include\mesh.h">
      <Filter>Header Files</Filter>
    </ClInclude>
    <ClInclude Include="include\mouse.h">
      <Filter>Header Files</Filter>
    </ClInclude>
    <ClInclude Include="include\particleSystem.h">
      <Filter>Header Files</Filter>
    </ClInclude>
    <ClInclude Include="include\ptr_vector.h">
      <Filter>Header Files</Filter>
    </ClInclude>
    <ClInclude Include="include\textureGenerator.h">
      <Filter>Header Files</Filter>
    </ClInclude>
    <ClInclude Include="include\vertexTypes.h">
      <Filter>Header Files</Filter>
    </ClInclude>
    <ClInclude Include="include\WICTextureLoader.h">
      <Filter>Header Files</Filter>
    </ClInclude>
    <ClInclude Include="include\window.h">
      <Filter>Header Files</Filter>
    </ClInclude>
    <ClInclude Include="include\windowApplication.h">
      <Filter>Header Files</Filter>
    </ClInclude>
    <ClInclude Include="include\environmentMapper.h">
      <Filter>Header Files</Filter>
    </ClInclude>
    <ClInclude Include="include\rooms\roomDemoShadow.h">
      <Filter>Header Files</Filter>
    </ClInclude>
    <ClInclude Include="include\rooms\roomDemoTex.h">
      <Filter>Header Files</Filter>
    </ClInclude>
    <ClInclude Include="include\rooms\roomDuck.h">
      <Filter>Header Files</Filter>
    </ClInclude>
  </ItemGroup>
  <ItemGroup>
    <FxCompile Include="shaders\colorTexPS.hlsl" />
    <FxCompile Include="shaders\envMapPS.hlsl" />
    <FxCompile Include="shaders\envMapVS.hlsl" />
    <FxCompile Include="shaders\lightAndShadowPS.hlsl" />
    <FxCompile Include="shaders\multiTexPS.hlsl" />
    <FxCompile Include="shaders\multiTexVS.hlsl" />
    <FxCompile Include="shaders\particleGS.hlsl" />
    <FxCompile Include="shaders\particlePS.hlsl" />
    <FxCompile Include="shaders\particleVS.hlsl" />
    <FxCompile Include="shaders\phongPS.hlsl" />
    <FxCompile Include="shaders\phongVS.hlsl" />
    <FxCompile Include="shaders\texturedPS.hlsl" />
    <FxCompile Include="shaders\texturedVS.hlsl" />
    <FxCompile Include="shaders\waterCS.hlsl" />
    <FxCompile Include="shaders\waterPS.hlsl" />
    <FxCompile Include="shaders\waterVS.hlsl" />
    <FxCompile Include="shaders\envPS.hlsl" />
    <FxCompile Include="shaders\envVS.hlsl" />
    <FxCompile Include="shaders\duckPS.hlsl" />
    <FxCompile Include="shaders\duckVS.hlsl" />
  </ItemGroup>
  <ItemGroup>
    <Image Include="resources\textures\brick_wall.jpg">
      <Filter>Resource Files</Filter>
    </Image>
    <Image Include="resources\textures\carpet.jpg">
      <Filter>Resource Files</Filter>
    </Image>
    <Image Include="resources\textures\lautrec_divan.jpg">
      <Filter>Resource Files</Filter>
    </Image>
    <Image Include="resources\textures\light_att.png">
      <Filter>Resource Files</Filter>
    </Image>
    <Image Include="resources\textures\light_cookie.png">
      <Filter>Resource Files</Filter>
    </Image>
    <Image Include="resources\textures\perlin.jpg">
      <Filter>Resource Files</Filter>
    </Image>
    <Image Include="resources\textures\smoke.png">
      <Filter>Resource Files</Filter>
    </Image>
    <Image Include="resources\textures\smokecolors.png">
      <Filter>Resource Files</Filter>
    </Image>
  </ItemGroup>
  <ItemGroup>
    <None Include="resources\meshes\chair_back.mesh" />
    <None Include="resources\meshes\chair_seat.mesh" />
    <None Include="resources\meshes\lamp.mesh" />
    <None Include="resources\meshes\monitor.mesh" />
    <None Include="resources\meshes\screen.mesh" />
    <None Include="resources\meshes\teapot.mesh" />
  </ItemGroup>
</Project>